
Microsoft Visual Studio Solution File, Format Version 12.00
# Visual Studio Version 16
VisualStudioVersion = 16.0.30523.141
MinimumVisualStudioVersion = 10.0.40219.1
Project("{FAE04EC0-301F-11D3-BF4B-00C04F79EFBC}") = "SSO.Web", "SSO.Web\SSO.Web.csproj", "{EBD5F4D6-4449-47AA-8837-3FAD08CB15F2}"
EndProject
Project("{FAE04EC0-301F-11D3-BF4B-00C04F79EFBC}") = "SSO.Data", "SSO.Data\SSO.Data.csproj", "{F3118141-4490-4864-9297-65523ABB1758}"
EndProject
Project("{FAE04EC0-301F-11D3-BF4B-00C04F79EFBC}") = "SSO.Model", "SSO.Model\SSO.Model.csproj", "{EAD9A0EF-8047-4949-8C6B-4AB354774785}"
EndProject
Project("{FAE04EC0-301F-11D3-BF4B-00C04F79EFBC}") = "SSO.Business", "SSO.Business\SSO.Business.csproj", "{8FE6A73F-E06F-46A8-B4F6-34E82945C649}"
EndProject
Global
	GlobalSection(SolutionConfigurationPlatforms) = preSolution
		Debug|Any CPU = Debug|Any CPU
		Release|Any CPU = Release|Any CPU
	EndGlobalSection
	GlobalSection(ProjectConfigurationPlatforms) = postSolution
		{EBD5F4D6-4449-47AA-8837-3FAD08CB15F2}.Debug|Any CPU.ActiveCfg = Debug|Any CPU
		{EBD5F4D6-4449-47AA-8837-3FAD08CB15F2}.Debug|Any CPU.Build.0 = Debug|Any CPU
		{EBD5F4D6-4449-47AA-8837-3FAD08CB15F2}.Release|Any CPU.ActiveCfg = Release|Any CPU
		{EBD5F4D6-4449-47AA-8837-3FAD08CB15F2}.Release|Any CPU.Build.0 = Release|Any CPU
		{F3118141-4490-4864-9297-65523ABB1758}.Debug|Any CPU.ActiveCfg = Debug|Any CPU
		{F3118141-4490-4864-9297-65523ABB1758}.Debug|Any CPU.Build.0 = Debug|Any CPU
		{F3118141-4490-4864-9297-65523ABB1758}.Release|Any CPU.ActiveCfg = Release|Any CPU
		{F3118141-4490-4864-9297-65523ABB1758}.Release|Any CPU.Build.0 = Release|Any CPU
		{EAD9A0EF-8047-4949-8C6B-4AB354774785}.Debug|Any CPU.ActiveCfg = Debug|Any CPU
		{EAD9A0EF-8047-4949-8C6B-4AB354774785}.Debug|Any CPU.Build.0 = Debug|Any CPU
		{EAD9A0EF-8047-4949-8C6B-4AB354774785}.Release|Any CPU.ActiveCfg = Release|Any CPU
		{EAD9A0EF-8047-4949-8C6B-4AB354774785}.Release|Any CPU.Build.0 = Release|Any CPU
		{8FE6A73F-E06F-46A8-B4F6-34E82945C649}.Debug|Any CPU.ActiveCfg = Debug|Any CPU
		{8FE6A73F-E06F-46A8-B4F6-34E82945C649}.Debug|Any CPU.Build.0 = Debug|Any CPU
		{8FE6A73F-E06F-46A8-B4F6-34E82945C649}.Release|Any CPU.ActiveCfg = Release|Any CPU
		{8FE6A73F-E06F-46A8-B4F6-34E82945C649}.Release|Any CPU.Build.0 = Release|Any CPU
	EndGlobalSection
	GlobalSection(SolutionProperties) = preSolution
		HideSolutionNode = FALSE
	EndGlobalSection
	GlobalSection(ExtensibilityGlobals) = postSolution
		SolutionGuid = {F5A42B41-667F-4E9D-989B-D8EFD7A7AA8F}
	EndGlobalSection
EndGlobal
